{
  "name": "lista2",
  "version": "1.0.0",
  "lockfileVersion": 1,
  "requires": true,
  "dependencies": {
    "softio": {
      "version": "1.2.0",
      "resolved": "https://registry.npmjs.org/softio/-/softio-1.2.0.tgz",
      "integrity": "sha512-p3Sy4+vSfSnbbD+6/OSwgnkwGCBpdLrAm1vy0IZ0LdBdtnSnVhktcE+G/oOP+maMwiegOfVOeUZd5WeNj8+eKA=="
    }
  }
}
